// !$*UTF8*$!
{
	archiveVersion = 1;
	classes = {
	};
	objectVersion = 50;
	objects = {

/* Begin PBXBuildFile section */
		B53D0E3626FB67C20062D862 /* ImageView.swift in Sources */ = {isa = PBXBuildFile; fileRef = B53D0E3526FB67C20062D862 /* ImageView.swift */; };
		B54175D826FAE0FE0077F663 /* HomeWorkProject_3_5App.swift in Sources */ = {isa = PBXBuildFile; fileRef = B54175D726FAE0FE0077F663 /* HomeWorkProject_3_5App.swift */; };
		B54175DA26FAE0FE0077F663 /* ContentView.swift in Sources */ = {isa = PBXBuildFile; fileRef = B54175D926FAE0FE0077F663 /* ContentView.swift */; };
		B54175DC26FAE1080077F663 /* Assets.xcassets in Resources */ = {isa = PBXBuildFile; fileRef = B54175DB26FAE1080077F663 /* Assets.xcassets */; };
		B54175DF26FAE1080077F663 /* Preview Assets.xcassets in Resources */ = {isa = PBXBuildFile; fileRef = B54175DE26FAE1080077F663 /* Preview Assets.xcassets */; };
		B54175E826FAE15B0077F663 /* Contact.swift in Sources */ = {isa = PBXBuildFile; fileRef = B54175E726FAE15B0077F663 /* Contact.swift */; };
		B54175EC26FAE1E60077F663 /* DataManager.swift in Sources */ = {isa = PBXBuildFile; fileRef = B54175EB26FAE1E60077F663 /* DataManager.swift */; };
		B54175EF26FAE32A0077F663 /* ContactsView.swift in Sources */ = {isa = PBXBuildFile; fileRef = B54175EE26FAE32A0077F663 /* ContactsView.swift */; };
		B54175F326FAE3740077F663 /* DetailsView.swift in Sources */ = {isa = PBXBuildFile; fileRef = B54175F226FAE3740077F663 /* DetailsView.swift */; };
		B54175F726FAE3840077F663 /* NumbersView.swift in Sources */ = {isa = PBXBuildFile; fileRef = B54175F626FAE3840077F663 /* NumbersView.swift */; };
		B54175FA26FAF7A70077F663 /* DetailRow.swift in Sources */ = {isa = PBXBuildFile; fileRef = B54175F926FAF7A70077F663 /* DetailRow.swift */; };
/* End PBXBuildFile section */

/* Begin PBXFileReference section */
		B53D0E3526FB67C20062D862 /* ImageView.swift */ = {isa = PBXFileReference; lastKnownFileType = sourcecode.swift; path = ImageView.swift; sourceTree = "<group>"; };
		B54175D426FAE0FE0077F663 /* HomeWorkProject_3.5.app */ = {isa = PBXFileReference; explicitFileType = wrapper.application; includeInIndex = 0; path = HomeWorkProject_3.5.app; sourceTree = BUILT_PRODUCTS_DIR; };
		B54175D726FAE0FE0077F663 /* HomeWorkProject_3_5App.swift */ = {isa = PBXFileReference; lastKnownFileType = sourcecode.swift; path = HomeWorkProject_3_5App.swift; sourceTree = "<group>"; };
		B54175D926FAE0FE0077F663 /* ContentView.swift */ = {isa = PBXFileReference; lastKnownFileType = sourcecode.swift; path = ContentView.swift; sourceTree = "<group>"; };
		B54175DB26FAE1080077F663 /* Assets.xcassets */ = {isa = PBXFileReference; lastKnownFileType = folder.assetcatalog; path = Assets.xcassets; sourceTree = "<group>"; };
		B54175DE26FAE1080077F663 /* Preview Assets.xcassets */ = {isa = PBXFileReference; lastKnownFileType = folder.assetcatalog; path = "Preview Assets.xcassets"; sourceTree = "<group>"; };
		B54175E026FAE1080077F663 /* Info.plist */ = {isa = PBXFileReference; lastKnownFileType = text.plist.xml; path = Info.plist; sourceTree = "<group>"; };
		B54175E726FAE15B0077F663 /* Contact.swift */ = {isa = PBXFileReference; lastKnownFileType = sourcecode.swift; path = Contact.swift; sourceTree = "<group>"; };
		B54175EB26FAE1E60077F663 /* DataManager.swift */ = {isa = PBXFileReference; lastKnownFileType = sourcecode.swift; path = DataManager.swift; sourceTree = "<group>"; };
		B54175EE26FAE32A0077F663 /* ContactsView.swift */ = {isa = PBXFileReference; lastKnownFileType = sourcecode.swift; path = ContactsView.swift; sourceTree = "<group>"; };
		B54175F226FAE3740077F663 /* DetailsView.swift */ = {isa = PBXFileReference; lastKnownFileType = sourcecode.swift; path = DetailsView.swift; sourceTree = "<group>"; };
		B54175F626FAE3840077F663 /* NumbersView.swift */ = {isa = PBXFileReference; lastKnownFileType = sourcecode.swift; path = NumbersView.swift; sourceTree = "<group>"; };
		B54175F926FAF7A70077F663 /* DetailRow.swift */ = {isa = PBXFileReference; lastKnownFileType = sourcecode.swift; path = DetailRow.swift; sourceTree = "<group>"; };
/* End PBXFileReference section */

/* Begin PBXFrameworksBuildPhase section */
		B54175D126FAE0FE0077F663 /* Frameworks */ = {
			isa = PBXFrameworksBuildPhase;
			buildActionMask = 2147483647;
			files = (
			);
			runOnlyForDeploymentPostprocessing = 0;
		};
/* End PBXFrameworksBuildPhase section */

/* Begin PBXGroup section */
		B54175CB26FAE0FE0077F663 = {
			isa = PBXGroup;
			children = (
				B54175D626FAE0FE0077F663 /* HomeWorkProject_3.5 */,
				B54175D526FAE0FE0077F663 /* Products */,
			);
			sourceTree = "<group>";
		};
		B54175D526FAE0FE0077F663 /* Products */ = {
			isa = PBXGroup;
			children = (
				B54175D426FAE0FE0077F663 /* HomeWorkProject_3.5.app */,
			);
			name = Products;
			sourceTree = "<group>";
		};
		B54175D626FAE0FE0077F663 /* HomeWorkProject_3.5 */ = {
			isa = PBXGroup;
			children = (
				B54175D726FAE0FE0077F663 /* HomeWorkProject_3_5App.swift */,
				B54175D926FAE0FE0077F663 /* ContentView.swift */,
				B54175EE26FAE32A0077F663 /* ContactsView.swift */,
				B54175F226FAE3740077F663 /* DetailsView.swift */,
				B53D0E3526FB67C20062D862 /* ImageView.swift */,
				B54175F926FAF7A70077F663 /* DetailRow.swift */,
				B54175F626FAE3840077F663 /* NumbersView.swift */,
				B54175DB26FAE1080077F663 /* Assets.xcassets */,
				B54175E026FAE1080077F663 /* Info.plist */,
				B54175DD26FAE1080077F663 /* Preview Content */,
				B54175E726FAE15B0077F663 /* Contact.swift */,
				B54175EB26FAE1E60077F663 /* DataManager.swift */,
			);
			path = HomeWorkProject_3.5;
			sourceTree = "<group>";
		};
		B54175DD26FAE1080077F663 /* Preview Content */ = {
			isa = PBXGroup;
			children = (
				B54175DE26FAE1080077F663 /* Preview Assets.xcassets */,
			);
			path = "Preview Content";
			sourceTree = "<group>";
		};
/* End PBXGroup section */

/* Begin PBXNativeTarget section */
		B54175D326FAE0FE0077F663 /* HomeWorkProject_3.5 */ = {
			isa = PBXNativeTarget;
			buildConfigurationList = B54175E326FAE1080077F663 /* Build configuration list for PBXNativeTarget "HomeWorkProject_3.5" */;
			buildPhases = (
				B54175D026FAE0FE0077F663 /* Sources */,
				B54175D126FAE0FE0077F663 /* Frameworks */,
				B54175D226FAE0FE0077F663 /* Resources */,
			);
			buildRules = (
			);
			dependencies = (
			);
			name = HomeWorkProject_3.5;
			productName = HomeWorkProject_3.5;
			productReference = B54175D426FAE0FE0077F663 /* HomeWorkProject_3.5.app */;
			productType = "com.apple.product-type.application";
		};
/* End PBXNativeTarget section */

/* Begin PBXProject section */
		B54175CC26FAE0FE0077F663 /* Project object */ = {
			isa = PBXProject;
			attributes = {
				LastSwiftUpdateCheck = 1240;
				LastUpgradeCheck = 1240;
				TargetAttributes = {
					B54175D326FAE0FE0077F663 = {
						CreatedOnToolsVersion = 12.4;
					};
				};
			};
			buildConfigurationList = B54175CF26FAE0FE0077F663 /* Build configuration list for PBXProject "HomeWorkProject_3.5" */;
			compatibilityVersion = "Xcode 9.3";
			developmentRegion = en;
			hasScannedForEncodings = 0;
			knownRegions = (
				en,
				Base,
			);
			mainGroup = B54175CB26FAE0FE0077F663;
			productRefGroup = B54175D526FAE0FE0077F663 /* Products */;
			projectDirPath = "";
			projectRoot = "";
			targets = (
				B54175D326FAE0FE0077F663 /* HomeWorkProject_3.5 */,
			);
		};
/* End PBXProject section */

/* Begin PBXResourcesBuildPhase section */
		B54175D226FAE0FE0077F663 /* Resources */ = {
			isa = PBXResourcesBuildPhase;
			buildActionMask = 2147483647;
			files = (
				B54175DF26FAE1080077F663 /* Preview Assets.xcassets in Resources */,
				B54175DC26FAE1080077F663 /* Assets.xcassets in Resources */,
			);
			runOnlyForDeploymentPostprocessing = 0;
		};
/* End PBXResourcesBuildPhase section */

/* Begin PBXSourcesBuildPhase section */
		B54175D026FAE0FE0077F663 /* Sources */ = {
			isa = PBXSourcesBuildPhase;
			buildActionMask = 2147483647;
			files = (
				B54175E826FAE15B0077F663 /* Contact.swift in Sources */,
				B54175EC26FAE1E60077F663 /* DataManager.swift in Sources */,
				B54175DA26FAE0FE0077F663 /* ContentView.swift in Sources */,
				B54175EF26FAE32A0077F663 /* ContactsView.swift in Sources */,
				B54175F726FAE3840077F663 /* NumbersView.swift in Sources */,
				B54175FA26FAF7A70077F663 /* DetailRow.swift in Sources */,
				B53D0E3626FB67C20062D862 /* ImageView.swift in Sources */,
				B54175F326FAE3740077F663 /* DetailsView.swift in Sources */,
				B54175D826FAE0FE0077F663 /* HomeWorkProject_3_5App.swift in Sources */,
			);
			runOnlyForDeploymentPostprocessing = 0;
		};
/* End PBXSourcesBuildPhase section */

/* Begin XCBuildConfiguration section */
		B54175E126FAE1080077F663 /* Debug */ = {
			isa = XCBuildConfiguration;
			buildSettings = {
				ALWAYS_SEARCH_USER_PATHS = NO;
				CLANG_ANALYZER_NONNULL = YES;
				CLANG_ANALYZER_NUMBER_OBJECT_CONVERSION = YES_AGGRESSIVE;
				CLANG_CXX_LANGUAGE_STANDARD = "gnu++14";
				CLANG_CXX_LIBRARY = "libc++";
				CLANG_ENABLE_MODULES = YES;
				CLANG_ENABLE_OBJC_ARC = YES;
				CLANG_ENABLE_OBJC_WEAK = YES;
				CLANG_WARN_BLOCK_CAPTURE_AUTORELEASING = YES;
				CLANG_WARN_BOOL_CONVERSION = YES;
				CLANG_WARN_COMMA = YES;
				CLANG_WARN_CONSTANT_CONVERSION = YES;
				CLANG_WARN_DEPRECATED_OBJC_IMPLEMENTATIONS = YES;
				CLANG_WARN_DIRECT_OBJC_ISA_USAGE = YES_ERROR;
				CLANG_WARN_DOCUMENTATION_COMMENTS = YES;
				CLANG_WARN_EMPTY_BODY = YES;
				CLANG_WARN_ENUM_CONVERSION = YES;
				CLANG_WARN_INFINITE_RECURSION = YES;
				CLANG_WARN_INT_CONVERSION = YES;
				CLANG_WARN_NON_LITERAL_NULL_CONVERSION = YES;
				CLANG_WARN_OBJC_IMPLICIT_RETAIN_SELF = YES;
				CLANG_WARN_OBJC_LITERAL_CONVERSION = YES;
				CLANG_WARN_OBJC_ROOT_CLASS = YES_ERROR;
				CLANG_WARN_QUOTED_INCLUDE_IN_FRAMEWORK_HEADER = YES;
				CLANG_WARN_RANGE_LOOP_ANALYSIS = YES;
				CLANG_WARN_STRICT_PROTOTYPES = YES;
				CLANG_WARN_SUSPICIOUS_MOVE = YES;
				CLANG_WARN_UNGUARDED_AVAILABILITY = YES_AGGRESSIVE;
				CLANG_WARN_UNREACHABLE_CODE = YES;
				CLANG_WARN__DUPLICATE_METHOD_MATCH = YES;
				COPY_PHASE_STRIP = NO;
				DEBUG_INFORMATION_FORMAT = dwarf;
				ENABLE_STRICT_OBJC_MSGSEND = YES;
				ENABLE_TESTABILITY = YES;
				GCC_C_LANGUAGE_STANDARD = gnu11;
				GCC_DYNAMIC_NO_PIC = NO;
				GCC_NO_COMMON_BLOCKS = YES;
				GCC_OPTIMIZATION_LEVEL = 0;
				GCC_PREPROCESSOR_DEFINITIONS = (
					"DEBUG=1",
					"$(inherited)",
				);
				GCC_WARN_64_TO_32_BIT_CONVERSION = YES;
				GCC_WARN_ABOUT_RETURN_TYPE = YES_ERROR;
				GCC_WARN_UNDECLARED_SELECTOR = YES;
				GCC_WARN_UNINITIALIZED_AUTOS = YES_AGGRESSIVE;
				GCC_WARN_UNUSED_FUNCTION = YES;
				GCC_WARN_UNUSED_VARIABLE = YES;
				IPHONEOS_DEPLOYMENT_TARGET = 14.4;
				MTL_ENABLE_DEBUG_INFO = INCLUDE_SOURCE;
				MTL_FAST_MATH = YES;
				ONLY_ACTIVE_ARCH = YES;
				SDKROOT = iphoneos;
				SWIFT_ACTIVE_COMPILATION_CONDITIONS = DEBUG;
				SWIFT_OPTIMIZATION_LEVEL = "-Onone";
			};
			name = Debug;
		};
		B54175E226FAE1080077F663 /* Release */ = {
			isa = XCBuildConfiguration;
			buildSettings = {
				ALWAYS_SEARCH_USER_PATHS = NO;
				CLANG_ANALYZER_NONNULL = YES;
				CLANG_ANALYZER_NUMBER_OBJECT_CONVERSION = YES_AGGRESSIVE;
				CLANG_CXX_LANGUAGE_STANDARD = "gnu++14";
				CLANG_CXX_LIBRARY = "libc++";
				CLANG_ENABLE_MODULES = YES;
				CLANG_ENABLE_OBJC_ARC = YES;
				CLANG_ENABLE_OBJC_WEAK = YES;
				CLANG_WARN_BLOCK_CAPTURE_AUTORELEASING = YES;
				CLANG_WARN_BOOL_CONVERSION = YES;
				CLANG_WARN_COMMA = YES;
				CLANG_WARN_CONSTANT_CONVERSION = YES;
				CLANG_WARN_DEPRECATED_OBJC_IMPLEMENTATIONS = YES;
				CLANG_WARN_DIRECT_OBJC_ISA_USAGE = YES_ERROR;
				CLANG_WARN_DOCUMENTATION_COMMENTS = YES;
				CLANG_WARN_EMPTY_BODY = YES;
				CLANG_WARN_ENUM_CONVERSION = YES;
				CLANG_WARN_INFINITE_RECURSION = YES;
				CLANG_WARN_INT_CONVERSION = YES;
				CLANG_WARN_NON_LITERAL_NULL_CONVERSION = YES;
				CLANG_WARN_OBJC_IMPLICIT_RETAIN_SELF = YES;
				CLANG_WARN_OBJC_LITERAL_CONVERSION = YES;
				CLANG_WARN_OBJC_ROOT_CLASS = YES_ERROR;
				CLANG_WARN_QUOTED_INCLUDE_IN_FRAMEWORK_HEADER = YES;
				CLANG_WARN_RANGE_LOOP_ANALYSIS = YES;
				CLANG_WARN_STRICT_PROTOTYPES = YES;
				CLANG_WARN_SUSPICIOUS_MOVE = YES;
				CLANG_WARN_UNGUARDED_AVAILABILITY = YES_AGGRESSIVE;
				CLANG_WARN_UNREACHABLE_CODE = YES;
				CLANG_WARN__DUPLICATE_METHOD_MATCH = YES;
				COPY_PHASE_STRIP = NO;
				DEBUG_INFORMATION_FORMAT = "dwarf-with-dsym";
				ENABLE_NS_ASSERTIONS = NO;
				ENABLE_STRICT_OBJC_MSGSEND = YES;
				GCC_C_LANGUAGE_STANDARD = gnu11;
				GCC_NO_COMMON_BLOCKS = YES;
				GCC_WARN_64_TO_32_BIT_CONVERSION = YES;
				GCC_WARN_ABOUT_RETURN_TYPE = YES_ERROR;
				GCC_WARN_UNDECLARED_SELECTOR = YES;
				GCC_WARN_UNINITIALIZED_AUTOS = YES_AGGRESSIVE;
				GCC_WARN_UNUSED_FUNCTION = YES;
				GCC_WARN_UNUSED_VARIABLE = YES;
				IPHONEOS_DEPLOYMENT_TARGET = 14.4;
				MTL_ENABLE_DEBUG_INFO = NO;
				MTL_FAST_MATH = YES;
				SDKROOT = iphoneos;
				SWIFT_COMPILATION_MODE = wholemodule;
				SWIFT_OPTIMIZATION_LEVEL = "-O";
				VALIDATE_PRODUCT = YES;
			};
			name = Release;
		};
		B54175E426FAE1080077F663 /* Debug */ = {
			isa = XCBuildConfiguration;
			buildSettings = {
				ASSETCATALOG_COMPILER_APPICON_NAME = AppIcon;
				ASSETCATALOG_COMPILER_GLOBAL_ACCENT_COLOR_NAME = AccentColor;
				CODE_SIGN_STYLE = Automatic;
				DEVELOPMENT_ASSET_PATHS = "\"HomeWorkProject_3.5/Preview Content\"";
				DEVELOPMENT_TEAM = WV9SZ4237Z;
				ENABLE_PREVIEWS = YES;
				INFOPLIST_FILE = HomeWorkProject_3.5/Info.plist;
				IPHONEOS_DEPLOYMENT_TARGET = 14.0;
				LD_RUNPATH_SEARCH_PATHS = (
					"$(inherited)",
					"@executable_path/Frameworks",
				);
				PRODUCT_BUNDLE_IDENTIFIER = "MaximGoryachkin.HomeWorkProject-3-5";
				PRODUCT_NAME = "$(TARGET_NAME)";
				SWIFT_VERSION = 5.0;
				TARGETED_DEVICE_FAMILY = "1,2";
			};
			name = Debug;
		};
		B54175E526FAE1080077F663 /* Release */ = {
			isa = XCBuildConfiguration;
			buildSettings = {
				ASSETCATALOG_COMPILER_APPICON_NAME = AppIcon;
				ASSETCATALOG_COMPILER_GLOBAL_ACCENT_COLOR_NAME = AccentColor;
				CODE_SIGN_STYLE = Automatic;
				DEVELOPMENT_ASSET_PATHS = "\"HomeWorkProject_3.5/Preview Content\"";
				DEVELOPMENT_TEAM = WV9SZ4237Z;
				ENABLE_PREVIEWS = YES;
				INFOPLIST_FILE = HomeWorkProject_3.5/Info.plist;
				IPHONEOS_DEPLOYMENT_TARGET = 14.0;
				LD_RUNPATH_SEARCH_PATHS = (
					"$(inherited)",
					"@executable_path/Frameworks",
				);
				PRODUCT_BUNDLE_IDENTIFIER = "MaximGoryachkin.HomeWorkProject-3-5";
				PRODUCT_NAME = "$(TARGET_NAME)";
				SWIFT_VERSION = 5.0;
				TARGETED_DEVICE_FAMILY = "1,2";
			};
			name = Release;
		};
/* End XCBuildConfiguration section */

/* Begin XCConfigurationList section */
		B54175CF26FAE0FE0077F663 /* Build configuration list for PBXProject "HomeWorkProject_3.5" */ = {
			isa = XCConfigurationList;
			buildConfigurations = (
				B54175E126FAE1080077F663 /* Debug */,
				B54175E226FAE1080077F663 /* Release */,
			);
			defaultConfigurationIsVisible = 0;
			defaultConfigurationName = Release;
		};
		B54175E326FAE1080077F663 /* Build configuration list for PBXNativeTarget "HomeWorkProject_3.5" */ = {
			isa = XCConfigurationList;
			buildConfigurations = (
				B54175E426FAE1080077F663 /* Debug */,
				B54175E526FAE1080077F663 /* Release */,
			);
			defaultConfigurationIsVisible = 0;
			defaultConfigurationName = Release;
		};
/* End XCConfigurationList section */
	};
	rootObject = B54175CC26FAE0FE0077F663 /* Project object */;
}
